
Microsoft Visual Studio Solution File, Format Version 12.00
# Visual Studio Version 17
VisualStudioVersion = 17.5.33209.295
MinimumVisualStudioVersion = 10.0.40219.1
Project("{9A19103F-16F7-4668-BE54-9A1E7A4F7556}") = "2022", "2022\2022.csproj", "{96486145-DDC5-43A0-8C9E-DB6036993B44}"
EndProject
Project("{9A19103F-16F7-4668-BE54-9A1E7A4F7556}") = "UnitTests", "UnitTests\UnitTests.csproj", "{BEECD980-7D35-4CA5-BF4E-C8D195A764E7}"
EndProject
Project("{FAE04EC0-301F-11D3-BF4B-00C04F79EFBC}") = "2023", "2023\2023.csproj", "{345C03A3-B6FE-4730-B089-034DE7206CB5}"
EndProject
Global
	GlobalSection(SolutionConfigurationPlatforms) = preSolution
		Debug|Any CPU = Debug|Any CPU
		Debug|x64 = Debug|x64
		Release|Any CPU = Release|Any CPU
		Release|x64 = Release|x64
	EndGlobalSection
	GlobalSection(ProjectConfigurationPlatforms) = postSolution
		{96486145-DDC5-43A0-8C9E-DB6036993B44}.Debug|Any CPU.ActiveCfg = Debug|Any CPU
		{96486145-DDC5-43A0-8C9E-DB6036993B44}.Debug|Any CPU.Build.0 = Debug|Any CPU
		{96486145-DDC5-43A0-8C9E-DB6036993B44}.Debug|x64.ActiveCfg = Debug|x64
		{96486145-DDC5-43A0-8C9E-DB6036993B44}.Debug|x64.Build.0 = Debug|x64
		{96486145-DDC5-43A0-8C9E-DB6036993B44}.Release|Any CPU.ActiveCfg = Release|Any CPU
		{96486145-DDC5-43A0-8C9E-DB6036993B44}.Release|Any CPU.Build.0 = Release|Any CPU
		{96486145-DDC5-43A0-8C9E-DB6036993B44}.Release|x64.ActiveCfg = Release|x64
		{96486145-DDC5-43A0-8C9E-DB6036993B44}.Release|x64.Build.0 = Release|x64
		{BEECD980-7D35-4CA5-BF4E-C8D195A764E7}.Debug|Any CPU.ActiveCfg = Debug|Any CPU
		{BEECD980-7D35-4CA5-BF4E-C8D195A764E7}.Debug|Any CPU.Build.0 = Debug|Any CPU
		{BEECD980-7D35-4CA5-BF4E-C8D195A764E7}.Debug|x64.ActiveCfg = Debug|x64
		{BEECD980-7D35-4CA5-BF4E-C8D195A764E7}.Debug|x64.Build.0 = Debug|x64
		{BEECD980-7D35-4CA5-BF4E-C8D195A764E7}.Release|Any CPU.ActiveCfg = Release|Any CPU
		{BEECD980-7D35-4CA5-BF4E-C8D195A764E7}.Release|Any CPU.Build.0 = Release|Any CPU
		{BEECD980-7D35-4CA5-BF4E-C8D195A764E7}.Release|x64.ActiveCfg = Release|x64
		{BEECD980-7D35-4CA5-BF4E-C8D195A764E7}.Release|x64.Build.0 = Release|x64
		{345C03A3-B6FE-4730-B089-034DE7206CB5}.Debug|Any CPU.ActiveCfg = Debug|Any CPU
		{345C03A3-B6FE-4730-B089-034DE7206CB5}.Debug|Any CPU.Build.0 = Debug|Any CPU
		{345C03A3-B6FE-4730-B089-034DE7206CB5}.Debug|x64.ActiveCfg = Debug|Any CPU
		{345C03A3-B6FE-4730-B089-034DE7206CB5}.Debug|x64.Build.0 = Debug|Any CPU
		{345C03A3-B6FE-4730-B089-034DE7206CB5}.Release|Any CPU.ActiveCfg = Release|Any CPU
		{345C03A3-B6FE-4730-B089-034DE7206CB5}.Release|Any CPU.Build.0 = Release|Any CPU
		{345C03A3-B6FE-4730-B089-034DE7206CB5}.Release|x64.ActiveCfg = Release|Any CPU
		{345C03A3-B6FE-4730-B089-034DE7206CB5}.Release|x64.Build.0 = Release|Any CPU
	EndGlobalSection
	GlobalSection(SolutionProperties) = preSolution
		HideSolutionNode = FALSE
	EndGlobalSection
	GlobalSection(ExtensibilityGlobals) = postSolution
		SolutionGuid = {D9161E52-045F-43D5-9953-1DCA2E342D17}
	EndGlobalSection
EndGlobal
